
Microsoft Visual Studio Solution File, Format Version 12.00
# Visual Studio Version 17
VisualStudioVersion = 17.7.34024.191
MinimumVisualStudioVersion = 10.0.40219.1
Project("{9A19103F-16F7-4668-BE54-9A1E7A4F7556}") = "CX.Container.Server", "CX.Container.Server\CX.Container.Server.csproj", "{EF2F189A-795A-454B-924E-B0AFE80A36EA}"
EndProject
Project("{9A19103F-16F7-4668-BE54-9A1E7A4F7556}") = "CX.Engine.Common", "CX.Engine.Common\CX.Engine.Common.csproj", "{D1436C72-4696-4938-B635-A738E041E984}"
EndProject
Project("{9A19103F-16F7-4668-BE54-9A1E7A4F7556}") = "CX.Engine.Common.Testing", "CX.Engine.Common.Testing\CX.Engine.Common.Testing.csproj", "{1616AFBF-5C29-42BB-BEFB-A234CBC3150A}"
EndProject
Project("{2150E333-8FDC-42A3-9474-1A3956D46DE8}") = "Deployment", "Deployment", "{77EF2535-214C-400E-89A1-FF14095BE151}"
EndProject
Project("{9A19103F-16F7-4668-BE54-9A1E7A4F7556}") = "CX.Engine.Common.Tests", "CX.Engine.Common.Tests\CX.Engine.Common.Tests.csproj", "{50BC2CE8-8E61-4E76-95E2-22412DD695F2}"
EndProject
Project("{9A19103F-16F7-4668-BE54-9A1E7A4F7556}") = "CX.Engine.Archives", "CX.Engine.Archives\CX.Engine.Archives.csproj", "{A8B0C668-0A90-4425-888C-716CDA63CE08}"
EndProject
Project("{9A19103F-16F7-4668-BE54-9A1E7A4F7556}") = "CX.Engine.Archives.Tests", "CX.Engine.Archives.Tests\CX.Engine.Archives.Tests.csproj", "{1D098B81-6D4B-40E3-8A68-9615BAC62F8E}"
EndProject
Project("{9A19103F-16F7-4668-BE54-9A1E7A4F7556}") = "CX.Engine.Assistants", "CX.Engine.Assistants\CX.Engine.Assistants.csproj", "{5C43CFD9-A596-40AA-B4F4-18047B2B39ED}"
EndProject
Project("{9A19103F-16F7-4668-BE54-9A1E7A4F7556}") = "CX.Engine.Assistants.Tests", "CX.Engine.Assistants.Tests\CX.Engine.Assistants.Tests.csproj", "{FCF7CB30-9B85-4FFC-9202-E0853036152D}"
EndProject
Project("{9A19103F-16F7-4668-BE54-9A1E7A4F7556}") = "CX.Engine.ChatAgents", "CX.Engine.ChatAgents\CX.Engine.ChatAgents.csproj", "{5385A591-FEA0-483E-AD02-2B3ADE42BE64}"
EndProject
Project("{9A19103F-16F7-4668-BE54-9A1E7A4F7556}") = "CX.Engine.ChatAgents.Tests", "CX.Engine.ChatAgents.Tests\CX.Engine.ChatAgents.Tests.csproj", "{25C64B51-A6B5-4229-8541-C0B868132890}"
EndProject
Project("{9A19103F-16F7-4668-BE54-9A1E7A4F7556}") = "CX.Engine.DeploymentHelper", "CX.Engine.DeploymentHelper\CX.Engine.DeploymentHelper.csproj", "{6C0A349A-E51C-4033-87FA-913E81D898DD}"
EndProject
Project("{9A19103F-16F7-4668-BE54-9A1E7A4F7556}") = "CX.Engine.DocExtractors", "CX.Engine.DocExtractors\CX.Engine.DocExtractors.csproj", "{4ABBA5B4-63FD-4990-A629-F08FBE8B57A7}"
EndProject
Project("{9A19103F-16F7-4668-BE54-9A1E7A4F7556}") = "CX.Engine.DocExtractors.Tests", "CX.Engine.DocExtractors.Tests\CX.Engine.DocExtractors.Tests.csproj", "{E3832F73-7E3C-4F39-8C7C-A96CE6D03BE4}"
EndProject
Project("{9A19103F-16F7-4668-BE54-9A1E7A4F7556}") = "CX.Engine.FileServices", "CX.Engine.FileServices\CX.Engine.FileServices.csproj", "{6DA3C9F8-869E-4325-B81F-7CEE41353DF3}"
EndProject
Project("{9A19103F-16F7-4668-BE54-9A1E7A4F7556}") = "CX.Engine.FileServices.Tests", "CX.Engine.FileServices.Tests\CX.Engine.FileServices.Tests.csproj", "{0B5267A0-03DA-4DE6-9289-B313EAEFF3CE}"
EndProject
Project("{9A19103F-16F7-4668-BE54-9A1E7A4F7556}") = "CX.Engine.Importers", "CX.Engine.Importers\CX.Engine.Importers.csproj", "{55E4B512-2281-415E-94CF-2AB98845BF12}"
EndProject
Project("{9A19103F-16F7-4668-BE54-9A1E7A4F7556}") = "CX.Engine.Importers.Tests", "CX.Engine.Importers.Tests\CX.Engine.Importers.Tests.csproj", "{A745215D-8289-48B8-9C57-7C5752B805B6}"
EndProject
Project("{9A19103F-16F7-4668-BE54-9A1E7A4F7556}") = "CX.Engine.QandA", "CX.Engine.QandA\CX.Engine.QandA.csproj", "{CE6A0850-15D9-4731-8F8A-36F508E2871F}"
EndProject
Project("{9A19103F-16F7-4668-BE54-9A1E7A4F7556}") = "CX.Engine.QandA.Tests", "CX.Engine.QandA.Tests\CX.Engine.QandA.Tests.csproj", "{355125F7-7D92-4F96-A6B9-91446C6D92DD}"
EndProject
Project("{9A19103F-16F7-4668-BE54-9A1E7A4F7556}") = "CX.Engine.Registration.Full", "CX.Engine.Registration.Full\CX.Engine.Registration.Full.csproj", "{EFB102F7-792C-4AED-8AA8-3A72D532F82A}"
EndProject
Project("{9A19103F-16F7-4668-BE54-9A1E7A4F7556}") = "CX.Engine.TextProcessors", "CX.Engine.TextProcessors\CX.Engine.TextProcessors.csproj", "{80A19F10-6765-48ED-A98E-2F2AA412663F}"
EndProject
Project("{9A19103F-16F7-4668-BE54-9A1E7A4F7556}") = "CX.Engine.TextProcessors.Tests", "CX.Engine.TextProcessors.Tests\CX.Engine.TextProcessors.Tests.csproj", "{F8282021-EEBA-47AB-89A1-086B300A7B1F}"
EndProject
Project("{9A19103F-16F7-4668-BE54-9A1E7A4F7556}") = "CX.Engine.Configuration", "CX.Engine.Configuration\CX.Engine.Configuration.csproj", "{AEDB15E1-F113-4F79-BFA7-BE44D761D0F4}"
EndProject
Project("{9A19103F-16F7-4668-BE54-9A1E7A4F7556}") = "CX.Engine.Configuration.Tests", "CX.Engine.Configuration.Tests\CX.Engine.Configuration.Tests.csproj", "{34B51B6B-3CD8-48E5-B1A5-5BADD7F957C1}"
EndProject
Project("{9A19103F-16F7-4668-BE54-9A1E7A4F7556}") = "CX.Clients.Afriforum.Domain", "CX.Clients.Afriforum.Domain\CX.Clients.Afriforum.Domain.csproj", "{F6C2B77F-7360-40C7-A62C-88425C97FD07}"
EndProject
Project("{FAE04EC0-301F-11D3-BF4B-00C04F79EFBC}") = "CX.Engine.SharedOptions", "CX.Engine.SharedOptions\CX.Engine.SharedOptions.csproj", "{0A6102BB-0E8E-4D8B-852B-299DF96D2C8A}"
EndProject
Project("{FAE04EC0-301F-11D3-BF4B-00C04F79EFBC}") = "CX.Clients.Weelee.Domain", "CX.Clients.Weelee.Domain\CX.Clients.Weelee.Domain.csproj", "{701D1813-F375-4AE3-B7B0-F22895D42F9E}"
EndProject
Project("{FAE04EC0-301F-11D3-BF4B-00C04F79EFBC}") = "CX.Engine.DemoConsole", "CX.Engine.DemoConsole\CX.Engine.DemoConsole.csproj", "{30A37160-038A-4605-A0D0-8E65FFE49926}"
EndProject
Project("{2150E333-8FDC-42A3-9474-1A3956D46DE8}") = "CX.Engine", "CX.Engine", "{E9E48CE9-A628-423C-A995-C9D0254ABB38}"
EndProject
Project("{2150E333-8FDC-42A3-9474-1A3956D46DE8}") = "CX.Clients", "CX.Clients", "{555E079D-1DF9-4B42-9A35-A7AF422A26B6}"
EndProject
Project("{2150E333-8FDC-42A3-9474-1A3956D46DE8}") = "CX.Container", "CX.Container", "{E0840302-C2AE-45A4-AF78-A9A9811D83E1}"
EndProject
Project("{FAE04EC0-301F-11D3-BF4B-00C04F79EFBC}") = "CX.Engine.Discord", "CX.Engine.Discord\CX.Engine.Discord.csproj", "{B4BDE9BF-92C8-432E-89C4-7D93BE9CDA11}"
EndProject
Project("{2150E333-8FDC-42A3-9474-1A3956D46DE8}") = "Solution Items", "Solution Items", "{AF4F4988-9030-4D77-BF9F-252044937E4A}"
	ProjectSection(SolutionItems) = preProject
		docker-compose.yml = docker-compose.yml
	EndProjectSection
EndProject
Project("{FAE04EC0-301F-11D3-BF4B-00C04F79EFBC}") = "CX.Engine.CallAnalysis", "CX.Engine.CallAnalysis\CX.Engine.CallAnalysis.csproj", "{86EF43D3-4261-4FF4-87C5-FEE6F663182F}"
EndProject
Project("{FAE04EC0-301F-11D3-BF4B-00C04F79EFBC}") = "CX.Engine.CognitiveServices", "CX.Engine.CognitiveServices\CX.Engine.CognitiveServices.csproj", "{12D44624-5745-46A8-A740-EBE9F2A8F128}"
EndProject
Global
	GlobalSection(SolutionConfigurationPlatforms) = preSolution
		Debug|Any CPU = Debug|Any CPU
		Release|Any CPU = Release|Any CPU
	EndGlobalSection
	GlobalSection(ProjectConfigurationPlatforms) = postSolution
		{EF2F189A-795A-454B-924E-B0AFE80A36EA}.Debug|Any CPU.ActiveCfg = Debug|Any CPU
		{EF2F189A-795A-454B-924E-B0AFE80A36EA}.Debug|Any CPU.Build.0 = Debug|Any CPU
		{EF2F189A-795A-454B-924E-B0AFE80A36EA}.Release|Any CPU.ActiveCfg = Release|Any CPU
		{EF2F189A-795A-454B-924E-B0AFE80A36EA}.Release|Any CPU.Build.0 = Release|Any CPU
		{D1436C72-4696-4938-B635-A738E041E984}.Debug|Any CPU.ActiveCfg = Debug|Any CPU
		{D1436C72-4696-4938-B635-A738E041E984}.Debug|Any CPU.Build.0 = Debug|Any CPU
		{D1436C72-4696-4938-B635-A738E041E984}.Release|Any CPU.ActiveCfg = Release|Any CPU
		{D1436C72-4696-4938-B635-A738E041E984}.Release|Any CPU.Build.0 = Release|Any CPU
		{1616AFBF-5C29-42BB-BEFB-A234CBC3150A}.Debug|Any CPU.ActiveCfg = Debug|Any CPU
		{1616AFBF-5C29-42BB-BEFB-A234CBC3150A}.Debug|Any CPU.Build.0 = Debug|Any CPU
		{1616AFBF-5C29-42BB-BEFB-A234CBC3150A}.Release|Any CPU.ActiveCfg = Release|Any CPU
		{1616AFBF-5C29-42BB-BEFB-A234CBC3150A}.Release|Any CPU.Build.0 = Release|Any CPU
		{50BC2CE8-8E61-4E76-95E2-22412DD695F2}.Debug|Any CPU.ActiveCfg = Debug|Any CPU
		{50BC2CE8-8E61-4E76-95E2-22412DD695F2}.Debug|Any CPU.Build.0 = Debug|Any CPU
		{50BC2CE8-8E61-4E76-95E2-22412DD695F2}.Release|Any CPU.ActiveCfg = Release|Any CPU
		{50BC2CE8-8E61-4E76-95E2-22412DD695F2}.Release|Any CPU.Build.0 = Release|Any CPU
		{A8B0C668-0A90-4425-888C-716CDA63CE08}.Debug|Any CPU.ActiveCfg = Debug|Any CPU
		{A8B0C668-0A90-4425-888C-716CDA63CE08}.Debug|Any CPU.Build.0 = Debug|Any CPU
		{A8B0C668-0A90-4425-888C-716CDA63CE08}.Release|Any CPU.ActiveCfg = Release|Any CPU
		{A8B0C668-0A90-4425-888C-716CDA63CE08}.Release|Any CPU.Build.0 = Release|Any CPU
		{1D098B81-6D4B-40E3-8A68-9615BAC62F8E}.Debug|Any CPU.ActiveCfg = Debug|Any CPU
		{1D098B81-6D4B-40E3-8A68-9615BAC62F8E}.Debug|Any CPU.Build.0 = Debug|Any CPU
		{1D098B81-6D4B-40E3-8A68-9615BAC62F8E}.Release|Any CPU.ActiveCfg = Release|Any CPU
		{1D098B81-6D4B-40E3-8A68-9615BAC62F8E}.Release|Any CPU.Build.0 = Release|Any CPU
		{5C43CFD9-A596-40AA-B4F4-18047B2B39ED}.Debug|Any CPU.ActiveCfg = Debug|Any CPU
		{5C43CFD9-A596-40AA-B4F4-18047B2B39ED}.Debug|Any CPU.Build.0 = Debug|Any CPU
		{5C43CFD9-A596-40AA-B4F4-18047B2B39ED}.Release|Any CPU.ActiveCfg = Release|Any CPU
		{5C43CFD9-A596-40AA-B4F4-18047B2B39ED}.Release|Any CPU.Build.0 = Release|Any CPU
		{FCF7CB30-9B85-4FFC-9202-E0853036152D}.Debug|Any CPU.ActiveCfg = Debug|Any CPU
		{FCF7CB30-9B85-4FFC-9202-E0853036152D}.Debug|Any CPU.Build.0 = Debug|Any CPU
		{FCF7CB30-9B85-4FFC-9202-E0853036152D}.Release|Any CPU.ActiveCfg = Release|Any CPU
		{FCF7CB30-9B85-4FFC-9202-E0853036152D}.Release|Any CPU.Build.0 = Release|Any CPU
		{5385A591-FEA0-483E-AD02-2B3ADE42BE64}.Debug|Any CPU.ActiveCfg = Debug|Any CPU
		{5385A591-FEA0-483E-AD02-2B3ADE42BE64}.Debug|Any CPU.Build.0 = Debug|Any CPU
		{5385A591-FEA0-483E-AD02-2B3ADE42BE64}.Release|Any CPU.ActiveCfg = Release|Any CPU
		{5385A591-FEA0-483E-AD02-2B3ADE42BE64}.Release|Any CPU.Build.0 = Release|Any CPU
		{25C64B51-A6B5-4229-8541-C0B868132890}.Debug|Any CPU.ActiveCfg = Debug|Any CPU
		{25C64B51-A6B5-4229-8541-C0B868132890}.Debug|Any CPU.Build.0 = Debug|Any CPU
		{25C64B51-A6B5-4229-8541-C0B868132890}.Release|Any CPU.ActiveCfg = Release|Any CPU
		{25C64B51-A6B5-4229-8541-C0B868132890}.Release|Any CPU.Build.0 = Release|Any CPU
		{6C0A349A-E51C-4033-87FA-913E81D898DD}.Debug|Any CPU.ActiveCfg = Debug|Any CPU
		{6C0A349A-E51C-4033-87FA-913E81D898DD}.Debug|Any CPU.Build.0 = Debug|Any CPU
		{6C0A349A-E51C-4033-87FA-913E81D898DD}.Release|Any CPU.ActiveCfg = Release|Any CPU
		{6C0A349A-E51C-4033-87FA-913E81D898DD}.Release|Any CPU.Build.0 = Release|Any CPU
		{4ABBA5B4-63FD-4990-A629-F08FBE8B57A7}.Debug|Any CPU.ActiveCfg = Debug|Any CPU
		{4ABBA5B4-63FD-4990-A629-F08FBE8B57A7}.Debug|Any CPU.Build.0 = Debug|Any CPU
		{4ABBA5B4-63FD-4990-A629-F08FBE8B57A7}.Release|Any CPU.ActiveCfg = Release|Any CPU
		{4ABBA5B4-63FD-4990-A629-F08FBE8B57A7}.Release|Any CPU.Build.0 = Release|Any CPU
		{E3832F73-7E3C-4F39-8C7C-A96CE6D03BE4}.Debug|Any CPU.ActiveCfg = Debug|Any CPU
		{E3832F73-7E3C-4F39-8C7C-A96CE6D03BE4}.Debug|Any CPU.Build.0 = Debug|Any CPU
		{E3832F73-7E3C-4F39-8C7C-A96CE6D03BE4}.Release|Any CPU.ActiveCfg = Release|Any CPU
		{E3832F73-7E3C-4F39-8C7C-A96CE6D03BE4}.Release|Any CPU.Build.0 = Release|Any CPU
		{6DA3C9F8-869E-4325-B81F-7CEE41353DF3}.Debug|Any CPU.ActiveCfg = Debug|Any CPU
		{6DA3C9F8-869E-4325-B81F-7CEE41353DF3}.Debug|Any CPU.Build.0 = Debug|Any CPU
		{6DA3C9F8-869E-4325-B81F-7CEE41353DF3}.Release|Any CPU.ActiveCfg = Release|Any CPU
		{6DA3C9F8-869E-4325-B81F-7CEE41353DF3}.Release|Any CPU.Build.0 = Release|Any CPU
		{0B5267A0-03DA-4DE6-9289-B313EAEFF3CE}.Debug|Any CPU.ActiveCfg = Debug|Any CPU
		{0B5267A0-03DA-4DE6-9289-B313EAEFF3CE}.Debug|Any CPU.Build.0 = Debug|Any CPU
		{0B5267A0-03DA-4DE6-9289-B313EAEFF3CE}.Release|Any CPU.ActiveCfg = Release|Any CPU
		{0B5267A0-03DA-4DE6-9289-B313EAEFF3CE}.Release|Any CPU.Build.0 = Release|Any CPU
		{55E4B512-2281-415E-94CF-2AB98845BF12}.Debug|Any CPU.ActiveCfg = Debug|Any CPU
		{55E4B512-2281-415E-94CF-2AB98845BF12}.Debug|Any CPU.Build.0 = Debug|Any CPU
		{55E4B512-2281-415E-94CF-2AB98845BF12}.Release|Any CPU.ActiveCfg = Release|Any CPU
		{55E4B512-2281-415E-94CF-2AB98845BF12}.Release|Any CPU.Build.0 = Release|Any CPU
		{A745215D-8289-48B8-9C57-7C5752B805B6}.Debug|Any CPU.ActiveCfg = Debug|Any CPU
		{A745215D-8289-48B8-9C57-7C5752B805B6}.Debug|Any CPU.Build.0 = Debug|Any CPU
		{A745215D-8289-48B8-9C57-7C5752B805B6}.Release|Any CPU.ActiveCfg = Release|Any CPU
		{A745215D-8289-48B8-9C57-7C5752B805B6}.Release|Any CPU.Build.0 = Release|Any CPU
		{CE6A0850-15D9-4731-8F8A-36F508E2871F}.Debug|Any CPU.ActiveCfg = Debug|Any CPU
		{CE6A0850-15D9-4731-8F8A-36F508E2871F}.Debug|Any CPU.Build.0 = Debug|Any CPU
		{CE6A0850-15D9-4731-8F8A-36F508E2871F}.Release|Any CPU.ActiveCfg = Release|Any CPU
		{CE6A0850-15D9-4731-8F8A-36F508E2871F}.Release|Any CPU.Build.0 = Release|Any CPU
		{355125F7-7D92-4F96-A6B9-91446C6D92DD}.Debug|Any CPU.ActiveCfg = Debug|Any CPU
		{355125F7-7D92-4F96-A6B9-91446C6D92DD}.Debug|Any CPU.Build.0 = Debug|Any CPU
		{355125F7-7D92-4F96-A6B9-91446C6D92DD}.Release|Any CPU.ActiveCfg = Release|Any CPU
		{355125F7-7D92-4F96-A6B9-91446C6D92DD}.Release|Any CPU.Build.0 = Release|Any CPU
		{EFB102F7-792C-4AED-8AA8-3A72D532F82A}.Debug|Any CPU.ActiveCfg = Debug|Any CPU
		{EFB102F7-792C-4AED-8AA8-3A72D532F82A}.Debug|Any CPU.Build.0 = Debug|Any CPU
		{EFB102F7-792C-4AED-8AA8-3A72D532F82A}.Release|Any CPU.ActiveCfg = Release|Any CPU
		{EFB102F7-792C-4AED-8AA8-3A72D532F82A}.Release|Any CPU.Build.0 = Release|Any CPU
		{80A19F10-6765-48ED-A98E-2F2AA412663F}.Debug|Any CPU.ActiveCfg = Debug|Any CPU
		{80A19F10-6765-48ED-A98E-2F2AA412663F}.Debug|Any CPU.Build.0 = Debug|Any CPU
		{80A19F10-6765-48ED-A98E-2F2AA412663F}.Release|Any CPU.ActiveCfg = Release|Any CPU
		{80A19F10-6765-48ED-A98E-2F2AA412663F}.Release|Any CPU.Build.0 = Release|Any CPU
		{F8282021-EEBA-47AB-89A1-086B300A7B1F}.Debug|Any CPU.ActiveCfg = Debug|Any CPU
		{F8282021-EEBA-47AB-89A1-086B300A7B1F}.Debug|Any CPU.Build.0 = Debug|Any CPU
		{F8282021-EEBA-47AB-89A1-086B300A7B1F}.Release|Any CPU.ActiveCfg = Release|Any CPU
		{F8282021-EEBA-47AB-89A1-086B300A7B1F}.Release|Any CPU.Build.0 = Release|Any CPU
		{AEDB15E1-F113-4F79-BFA7-BE44D761D0F4}.Debug|Any CPU.ActiveCfg = Debug|Any CPU
		{AEDB15E1-F113-4F79-BFA7-BE44D761D0F4}.Debug|Any CPU.Build.0 = Debug|Any CPU
		{AEDB15E1-F113-4F79-BFA7-BE44D761D0F4}.Release|Any CPU.ActiveCfg = Release|Any CPU
		{AEDB15E1-F113-4F79-BFA7-BE44D761D0F4}.Release|Any CPU.Build.0 = Release|Any CPU
		{34B51B6B-3CD8-48E5-B1A5-5BADD7F957C1}.Debug|Any CPU.ActiveCfg = Debug|Any CPU
		{34B51B6B-3CD8-48E5-B1A5-5BADD7F957C1}.Debug|Any CPU.Build.0 = Debug|Any CPU
		{34B51B6B-3CD8-48E5-B1A5-5BADD7F957C1}.Release|Any CPU.ActiveCfg = Release|Any CPU
		{34B51B6B-3CD8-48E5-B1A5-5BADD7F957C1}.Release|Any CPU.Build.0 = Release|Any CPU
		{F6C2B77F-7360-40C7-A62C-88425C97FD07}.Debug|Any CPU.ActiveCfg = Debug|Any CPU
		{F6C2B77F-7360-40C7-A62C-88425C97FD07}.Debug|Any CPU.Build.0 = Debug|Any CPU
		{F6C2B77F-7360-40C7-A62C-88425C97FD07}.Release|Any CPU.ActiveCfg = Release|Any CPU
		{F6C2B77F-7360-40C7-A62C-88425C97FD07}.Release|Any CPU.Build.0 = Release|Any CPU
		{0A6102BB-0E8E-4D8B-852B-299DF96D2C8A}.Debug|Any CPU.ActiveCfg = Debug|Any CPU
		{0A6102BB-0E8E-4D8B-852B-299DF96D2C8A}.Debug|Any CPU.Build.0 = Debug|Any CPU
		{0A6102BB-0E8E-4D8B-852B-299DF96D2C8A}.Release|Any CPU.ActiveCfg = Release|Any CPU
		{0A6102BB-0E8E-4D8B-852B-299DF96D2C8A}.Release|Any CPU.Build.0 = Release|Any CPU
		{701D1813-F375-4AE3-B7B0-F22895D42F9E}.Debug|Any CPU.ActiveCfg = Debug|Any CPU
		{701D1813-F375-4AE3-B7B0-F22895D42F9E}.Debug|Any CPU.Build.0 = Debug|Any CPU
		{701D1813-F375-4AE3-B7B0-F22895D42F9E}.Release|Any CPU.ActiveCfg = Release|Any CPU
		{701D1813-F375-4AE3-B7B0-F22895D42F9E}.Release|Any CPU.Build.0 = Release|Any CPU
		{30A37160-038A-4605-A0D0-8E65FFE49926}.Debug|Any CPU.ActiveCfg = Debug|Any CPU
		{30A37160-038A-4605-A0D0-8E65FFE49926}.Debug|Any CPU.Build.0 = Debug|Any CPU
		{30A37160-038A-4605-A0D0-8E65FFE49926}.Release|Any CPU.ActiveCfg = Release|Any CPU
		{30A37160-038A-4605-A0D0-8E65FFE49926}.Release|Any CPU.Build.0 = Release|Any CPU
		{B4BDE9BF-92C8-432E-89C4-7D93BE9CDA11}.Debug|Any CPU.ActiveCfg = Debug|Any CPU
		{B4BDE9BF-92C8-432E-89C4-7D93BE9CDA11}.Debug|Any CPU.Build.0 = Debug|Any CPU
		{B4BDE9BF-92C8-432E-89C4-7D93BE9CDA11}.Release|Any CPU.ActiveCfg = Release|Any CPU
		{B4BDE9BF-92C8-432E-89C4-7D93BE9CDA11}.Release|Any CPU.Build.0 = Release|Any CPU
		{86EF43D3-4261-4FF4-87C5-FEE6F663182F}.Debug|Any CPU.ActiveCfg = Debug|Any CPU
		{86EF43D3-4261-4FF4-87C5-FEE6F663182F}.Debug|Any CPU.Build.0 = Debug|Any CPU
		{86EF43D3-4261-4FF4-87C5-FEE6F663182F}.Release|Any CPU.ActiveCfg = Release|Any CPU
		{86EF43D3-4261-4FF4-87C5-FEE6F663182F}.Release|Any CPU.Build.0 = Release|Any CPU
		{12D44624-5745-46A8-A740-EBE9F2A8F128}.Debug|Any CPU.ActiveCfg = Debug|Any CPU
		{12D44624-5745-46A8-A740-EBE9F2A8F128}.Debug|Any CPU.Build.0 = Debug|Any CPU
		{12D44624-5745-46A8-A740-EBE9F2A8F128}.Release|Any CPU.ActiveCfg = Release|Any CPU
		{12D44624-5745-46A8-A740-EBE9F2A8F128}.Release|Any CPU.Build.0 = Release|Any CPU
	EndGlobalSection
	GlobalSection(SolutionProperties) = preSolution
		HideSolutionNode = FALSE
	EndGlobalSection
	GlobalSection(NestedProjects) = preSolution
		{EF2F189A-795A-454B-924E-B0AFE80A36EA} = {E0840302-C2AE-45A4-AF78-A9A9811D83E1}
		{D1436C72-4696-4938-B635-A738E041E984} = {E9E48CE9-A628-423C-A995-C9D0254ABB38}
		{1616AFBF-5C29-42BB-BEFB-A234CBC3150A} = {E9E48CE9-A628-423C-A995-C9D0254ABB38}
		{50BC2CE8-8E61-4E76-95E2-22412DD695F2} = {E9E48CE9-A628-423C-A995-C9D0254ABB38}
		{A8B0C668-0A90-4425-888C-716CDA63CE08} = {E9E48CE9-A628-423C-A995-C9D0254ABB38}
		{1D098B81-6D4B-40E3-8A68-9615BAC62F8E} = {E9E48CE9-A628-423C-A995-C9D0254ABB38}
		{5C43CFD9-A596-40AA-B4F4-18047B2B39ED} = {E9E48CE9-A628-423C-A995-C9D0254ABB38}
		{FCF7CB30-9B85-4FFC-9202-E0853036152D} = {E9E48CE9-A628-423C-A995-C9D0254ABB38}
		{5385A591-FEA0-483E-AD02-2B3ADE42BE64} = {E9E48CE9-A628-423C-A995-C9D0254ABB38}
		{25C64B51-A6B5-4229-8541-C0B868132890} = {E9E48CE9-A628-423C-A995-C9D0254ABB38}
		{6C0A349A-E51C-4033-87FA-913E81D898DD} = {E9E48CE9-A628-423C-A995-C9D0254ABB38}
		{4ABBA5B4-63FD-4990-A629-F08FBE8B57A7} = {E9E48CE9-A628-423C-A995-C9D0254ABB38}
		{E3832F73-7E3C-4F39-8C7C-A96CE6D03BE4} = {E9E48CE9-A628-423C-A995-C9D0254ABB38}
		{6DA3C9F8-869E-4325-B81F-7CEE41353DF3} = {E9E48CE9-A628-423C-A995-C9D0254ABB38}
		{0B5267A0-03DA-4DE6-9289-B313EAEFF3CE} = {E9E48CE9-A628-423C-A995-C9D0254ABB38}
		{55E4B512-2281-415E-94CF-2AB98845BF12} = {E9E48CE9-A628-423C-A995-C9D0254ABB38}
		{A745215D-8289-48B8-9C57-7C5752B805B6} = {E9E48CE9-A628-423C-A995-C9D0254ABB38}
		{CE6A0850-15D9-4731-8F8A-36F508E2871F} = {E9E48CE9-A628-423C-A995-C9D0254ABB38}
		{355125F7-7D92-4F96-A6B9-91446C6D92DD} = {E9E48CE9-A628-423C-A995-C9D0254ABB38}
		{EFB102F7-792C-4AED-8AA8-3A72D532F82A} = {E9E48CE9-A628-423C-A995-C9D0254ABB38}
		{80A19F10-6765-48ED-A98E-2F2AA412663F} = {E9E48CE9-A628-423C-A995-C9D0254ABB38}
		{F8282021-EEBA-47AB-89A1-086B300A7B1F} = {E9E48CE9-A628-423C-A995-C9D0254ABB38}
		{AEDB15E1-F113-4F79-BFA7-BE44D761D0F4} = {E9E48CE9-A628-423C-A995-C9D0254ABB38}
		{34B51B6B-3CD8-48E5-B1A5-5BADD7F957C1} = {E9E48CE9-A628-423C-A995-C9D0254ABB38}
		{F6C2B77F-7360-40C7-A62C-88425C97FD07} = {555E079D-1DF9-4B42-9A35-A7AF422A26B6}
		{0A6102BB-0E8E-4D8B-852B-299DF96D2C8A} = {E9E48CE9-A628-423C-A995-C9D0254ABB38}
		{701D1813-F375-4AE3-B7B0-F22895D42F9E} = {555E079D-1DF9-4B42-9A35-A7AF422A26B6}
		{30A37160-038A-4605-A0D0-8E65FFE49926} = {E9E48CE9-A628-423C-A995-C9D0254ABB38}
		{B4BDE9BF-92C8-432E-89C4-7D93BE9CDA11} = {E9E48CE9-A628-423C-A995-C9D0254ABB38}
		{12D44624-5745-46A8-A740-EBE9F2A8F128} = {E9E48CE9-A628-423C-A995-C9D0254ABB38}
		{86EF43D3-4261-4FF4-87C5-FEE6F663182F} = {E9E48CE9-A628-423C-A995-C9D0254ABB38}
	EndGlobalSection
	GlobalSection(ExtensibilityGlobals) = postSolution
		SolutionGuid = {334FED2C-5D69-4DC5-835C-3B9D01953BCF}
	EndGlobalSection
EndGlobal
